<?xml version="1.0" encoding="utf-8"?>
<Project ToolsVersion="4.0" xmlns="http://schemas.microsoft.com/developer/msbuild/2003">
  <ItemGroup>
    <Filter Include="Source Files">
      <UniqueIdentifier>{4FC737F1-C7A5-4376-A066-2A32D752A2FF}</UniqueIdentifier>
      <Extensions>cpp;c;cc;cxx;def;odl;idl;hpj;bat;asm;asmx</Extensions>
    </Filter>
    <Filter Include="Header Files">
      <UniqueIdentifier>{93995380-89BD-4b04-88EB-625FBE52EBFB}</UniqueIdentifier>
      <Extensions>h;hh;hpp;hxx;hm;inl;inc;xsd</Extensions>
    </Filter>
    <Filter Include="Resource Files">
      <UniqueIdentifier>{67DA6AB6-F800-4c08-8B7A-83BB121AAD01}</UniqueIdentifier>
      <Extensions>rc;ico;cur;bmp;dlg;rc2;rct;bin;rgs;gif;jpg;jpeg;jpe;resx;tiff;tif;png;wav;mfcribbon-ms</Extensions>
    </Filter>
    <Filter Include="Engine">
      <UniqueIdentifier>{7ceb533a-91b5-4387-a9c7-ffd4f7a34582}</UniqueIdentifier>
    </Filter>
    <Filter Include="Engine\DirectX">
      <UniqueIdentifier>{aed7180c-d2e7-45ad-9467-691674a79a5b}</UniqueIdentifier>
    </Filter>
    <Filter Include="Engine\OpenGL">
      <UniqueIdentifier>{9a60c80c-ee44-41ef-a95d-1ceb5cc55efc}</UniqueIdentifier>
    </Filter>
  </ItemGroup>
  <ItemGroup>
    <Text Include="ReadMe.txt" />
  </ItemGroup>
  <ItemGroup>
    <ClInclude Include="stdafx.h">
      <Filter>Header Files</Filter>
    </ClInclude>
    <ClInclude Include="targetver.h">
      <Filter>Header Files</Filter>
    </ClInclude>
    <ClInclude Include="Resource.h">
      <Filter>Header Files</Filter>
    </ClInclude>
    <ClInclude Include="Engine.h">
      <Filter>Header Files</Filter>
    </ClInclude>
    <ClInclude Include="OpenGLRHI.h">
      <Filter>Engine\OpenGL</Filter>
    </ClInclude>
    <ClInclude Include="RHI.h">
      <Filter>Engine</Filter>
    </ClInclude>
    <ClInclude Include="S3DEngine.h">
      <Filter>Engine</Filter>
    </ClInclude>
    <ClInclude Include="DirectxRHI.h">
      <Filter>Engine\DirectX</Filter>
    </ClInclude>
    <ClInclude Include="S3DMesh_Directx.h">
      <Filter>Engine</Filter>
    </ClInclude>
  </ItemGroup>
  <ItemGroup>
    <ClCompile Include="stdafx.cpp">
      <Filter>Source Files</Filter>
    </ClCompile>
    <ClCompile Include="Engine.cpp">
      <Filter>Source Files</Filter>
    </ClCompile>
    <ClCompile Include="OpenGLRHI.cpp">
      <Filter>Engine\OpenGL</Filter>
    </ClCompile>
    <ClCompile Include="RHI.cpp">
      <Filter>Engine</Filter>
    </ClCompile>
    <ClCompile Include="S3DEngine.cpp">
      <Filter>Engine</Filter>
    </ClCompile>
    <ClCompile Include="DirectxRHI.cpp">
      <Filter>Engine\DirectX</Filter>
    </ClCompile>
    <ClCompile Include="S3DMesh_Directx.cpp">
      <Filter>Engine</Filter>
    </ClCompile>
  </ItemGroup>
  <ItemGroup>
    <ResourceCompile Include="Engine.rc">
      <Filter>Resource Files</Filter>
    </ResourceCompile>
  </ItemGroup>
  <ItemGroup>
    <Image Include="small.ico">
      <Filter>Resource Files</Filter>
    </Image>
    <Image Include="Engine.ico">
      <Filter>Resource Files</Filter>
    </Image>
  </ItemGroup>
</Project>